
Microsoft Visual Studio Solution File, Format Version 12.00
# Visual Studio Version 16
VisualStudioVersion = 16.0.29209.62
MinimumVisualStudioVersion = 10.0.40219.1
Project("{FAE04EC0-301F-11D3-BF4B-00C04F79EFBC}") = "FitnessproWebApp", "FitnessproWebApp\FitnessproWebApp.csproj", "{BD264B33-C246-48C4-B496-FF3808597EE8}"
EndProject
Global
	GlobalSection(SolutionConfigurationPlatforms) = preSolution
		Debug|Any CPU = Debug|Any CPU
		Release|Any CPU = Release|Any CPU
	EndGlobalSection
	GlobalSection(ProjectConfigurationPlatforms) = postSolution
		{BD264B33-C246-48C4-B496-FF3808597EE8}.Debug|Any CPU.ActiveCfg = Debug|Any CPU
		{BD264B33-C246-48C4-B496-FF3808597EE8}.Debug|Any CPU.Build.0 = Debug|Any CPU
		{BD264B33-C246-48C4-B496-FF3808597EE8}.Release|Any CPU.ActiveCfg = Release|Any CPU
		{BD264B33-C246-48C4-B496-FF3808597EE8}.Release|Any CPU.Build.0 = Release|Any CPU
	EndGlobalSection
	GlobalSection(SolutionProperties) = preSolution
		HideSolutionNode = FALSE
	EndGlobalSection
	GlobalSection(ExtensibilityGlobals) = postSolution
		SolutionGuid = {ABD7F50B-EEC9-4BCB-B81C-795A57908530}
	EndGlobalSection
EndGlobal
