
Microsoft Visual Studio Solution File, Format Version 12.00
# Visual Studio Version 16
VisualStudioVersion = 16.0.29209.62
MinimumVisualStudioVersion = 10.0.40219.1
Project("{FAE04EC0-301F-11D3-BF4B-00C04F79EFBC}") = "FitnessproApi", "FitnessproApi\FitnessproApi.csproj", "{21296A7F-C302-4D23-9524-D29070588A85}"
EndProject
Project("{FAE04EC0-301F-11D3-BF4B-00C04F79EFBC}") = "FitnessproDataAccess", "FitnessproDataAccess\FitnessproDataAccess.csproj", "{CDF0DC00-8599-4C2E-BBBF-4B24A7FDF41D}"
EndProject
Project("{FAE04EC0-301F-11D3-BF4B-00C04F79EFBC}") = "Fitnesspro.Models", "Fitnesspro.Models\Fitnesspro.Models.csproj", "{CD0886D6-70E7-4579-B0B0-A82CBC6598E5}"
EndProject
Global
	GlobalSection(SolutionConfigurationPlatforms) = preSolution
		Debug|Any CPU = Debug|Any CPU
		Release|Any CPU = Release|Any CPU
	EndGlobalSection
	GlobalSection(ProjectConfigurationPlatforms) = postSolution
		{21296A7F-C302-4D23-9524-D29070588A85}.Debug|Any CPU.ActiveCfg = Debug|Any CPU
		{21296A7F-C302-4D23-9524-D29070588A85}.Debug|Any CPU.Build.0 = Debug|Any CPU
		{21296A7F-C302-4D23-9524-D29070588A85}.Release|Any CPU.ActiveCfg = Release|Any CPU
		{21296A7F-C302-4D23-9524-D29070588A85}.Release|Any CPU.Build.0 = Release|Any CPU
		{CDF0DC00-8599-4C2E-BBBF-4B24A7FDF41D}.Debug|Any CPU.ActiveCfg = Debug|Any CPU
		{CDF0DC00-8599-4C2E-BBBF-4B24A7FDF41D}.Debug|Any CPU.Build.0 = Debug|Any CPU
		{CDF0DC00-8599-4C2E-BBBF-4B24A7FDF41D}.Release|Any CPU.ActiveCfg = Release|Any CPU
		{CDF0DC00-8599-4C2E-BBBF-4B24A7FDF41D}.Release|Any CPU.Build.0 = Release|Any CPU
		{CD0886D6-70E7-4579-B0B0-A82CBC6598E5}.Debug|Any CPU.ActiveCfg = Debug|Any CPU
		{CD0886D6-70E7-4579-B0B0-A82CBC6598E5}.Debug|Any CPU.Build.0 = Debug|Any CPU
		{CD0886D6-70E7-4579-B0B0-A82CBC6598E5}.Release|Any CPU.ActiveCfg = Release|Any CPU
		{CD0886D6-70E7-4579-B0B0-A82CBC6598E5}.Release|Any CPU.Build.0 = Release|Any CPU
	EndGlobalSection
	GlobalSection(SolutionProperties) = preSolution
		HideSolutionNode = FALSE
	EndGlobalSection
	GlobalSection(ExtensibilityGlobals) = postSolution
		SolutionGuid = {F8EF32BA-361B-4851-8CB0-B172BC0C8BB5}
	EndGlobalSection
EndGlobal
